
Microsoft Visual Studio Solution File, Format Version 12.00
# Visual Studio Version 17
VisualStudioVersion = 17.0.32014.148
MinimumVisualStudioVersion = 10.0.40219.1
Project("{9A19103F-16F7-4668-BE54-9A1E7A4F7556}") = "BankApplicationForWeb", "BankApplicationForWeb\BankApplicationForWeb.csproj", "{3DCB9F40-A01C-43F9-81B6-E08A8E930A8E}"
EndProject
Project("{2150E333-8FDC-42A3-9474-1A3956D46DE8}") = "Solution Items", "Solution Items", "{3DBBA109-CFCA-4FD5-AA5A-EC50CDBD251D}"
	ProjectSection(SolutionItems) = preProject
		.editorconfig = .editorconfig
	EndProjectSection
EndProject
Project("{9A19103F-16F7-4668-BE54-9A1E7A4F7556}") = "WebApi", "WebApi\WebApi.csproj", "{3B1AAEEB-1CDB-457E-9CC4-6418AC2D5B3D}"
EndProject
Project("{9A19103F-16F7-4668-BE54-9A1E7A4F7556}") = "MvcBankAdmin", "MvcBankAdmin\MvcBankAdmin.csproj", "{5DF8486D-62A5-459A-9396-C69D842E3C3C}"
EndProject
Project("{FAE04EC0-301F-11D3-BF4B-00C04F79EFBC}") = "BankApplicationForWeb.Tests", "BankApplicationForWeb.Tests\BankApplicationForWeb.Tests.csproj", "{66CAEB6D-0B99-4368-A55B-FF98836AB5F7}"
EndProject
Global
	GlobalSection(SolutionConfigurationPlatforms) = preSolution
		Debug|Any CPU = Debug|Any CPU
		Release|Any CPU = Release|Any CPU
	EndGlobalSection
	GlobalSection(ProjectConfigurationPlatforms) = postSolution
		{3DCB9F40-A01C-43F9-81B6-E08A8E930A8E}.Debug|Any CPU.ActiveCfg = Debug|Any CPU
		{3DCB9F40-A01C-43F9-81B6-E08A8E930A8E}.Debug|Any CPU.Build.0 = Debug|Any CPU
		{3DCB9F40-A01C-43F9-81B6-E08A8E930A8E}.Release|Any CPU.ActiveCfg = Release|Any CPU
		{3DCB9F40-A01C-43F9-81B6-E08A8E930A8E}.Release|Any CPU.Build.0 = Release|Any CPU
		{3B1AAEEB-1CDB-457E-9CC4-6418AC2D5B3D}.Debug|Any CPU.ActiveCfg = Debug|Any CPU
		{3B1AAEEB-1CDB-457E-9CC4-6418AC2D5B3D}.Debug|Any CPU.Build.0 = Debug|Any CPU
		{3B1AAEEB-1CDB-457E-9CC4-6418AC2D5B3D}.Release|Any CPU.ActiveCfg = Release|Any CPU
		{3B1AAEEB-1CDB-457E-9CC4-6418AC2D5B3D}.Release|Any CPU.Build.0 = Release|Any CPU
		{5DF8486D-62A5-459A-9396-C69D842E3C3C}.Debug|Any CPU.ActiveCfg = Debug|Any CPU
		{5DF8486D-62A5-459A-9396-C69D842E3C3C}.Debug|Any CPU.Build.0 = Debug|Any CPU
		{5DF8486D-62A5-459A-9396-C69D842E3C3C}.Release|Any CPU.ActiveCfg = Release|Any CPU
		{5DF8486D-62A5-459A-9396-C69D842E3C3C}.Release|Any CPU.Build.0 = Release|Any CPU
		{66CAEB6D-0B99-4368-A55B-FF98836AB5F7}.Debug|Any CPU.ActiveCfg = Debug|Any CPU
		{66CAEB6D-0B99-4368-A55B-FF98836AB5F7}.Debug|Any CPU.Build.0 = Debug|Any CPU
		{66CAEB6D-0B99-4368-A55B-FF98836AB5F7}.Release|Any CPU.ActiveCfg = Release|Any CPU
		{66CAEB6D-0B99-4368-A55B-FF98836AB5F7}.Release|Any CPU.Build.0 = Release|Any CPU
	EndGlobalSection
	GlobalSection(SolutionProperties) = preSolution
		HideSolutionNode = FALSE
	EndGlobalSection
	GlobalSection(ExtensibilityGlobals) = postSolution
		SolutionGuid = {D6CA397A-3A57-4083-BDFD-756BBEFA2C78}
	EndGlobalSection
EndGlobal
